
Microsoft Visual Studio Solution File, Format Version 12.00
# Visual Studio Version 16
VisualStudioVersion = 16.0.31019.35
MinimumVisualStudioVersion = 10.0.40219.1
Project("{FAE04EC0-301F-11D3-BF4B-00C04F79EFBC}") = "cinemaManagement", "cinemaManagement\cinemaManagement.csproj", "{EE6751C3-7092-495F-A8B3-5E2EFADB9294}"
EndProject
Global
	GlobalSection(SolutionConfigurationPlatforms) = preSolution
		Debug|Any CPU = Debug|Any CPU
		Release|Any CPU = Release|Any CPU
	EndGlobalSection
	GlobalSection(ProjectConfigurationPlatforms) = postSolution
		{EE6751C3-7092-495F-A8B3-5E2EFADB9294}.Debug|Any CPU.ActiveCfg = Debug|Any CPU
		{EE6751C3-7092-495F-A8B3-5E2EFADB9294}.Debug|Any CPU.Build.0 = Debug|Any CPU
		{EE6751C3-7092-495F-A8B3-5E2EFADB9294}.Release|Any CPU.ActiveCfg = Release|Any CPU
		{EE6751C3-7092-495F-A8B3-5E2EFADB9294}.Release|Any CPU.Build.0 = Release|Any CPU
	EndGlobalSection
	GlobalSection(SolutionProperties) = preSolution
		HideSolutionNode = FALSE
	EndGlobalSection
	GlobalSection(ExtensibilityGlobals) = postSolution
		SolutionGuid = {A07F43E9-A49A-4D8A-B8D5-4F8518F9ECE2}
	EndGlobalSection
EndGlobal
